
Microsoft Visual Studio Solution File, Format Version 12.00
# Visual Studio 2013
VisualStudioVersion = 12.0.40629.0
MinimumVisualStudioVersion = 10.0.40219.1
Project("{FAE04EC0-301F-11D3-BF4B-00C04F79EFBC}") = "DataStructures", "DataStructures\DataStructures.csproj", "{7EF9AA92-4FEC-4B09-B099-CA1C8CA65A2F}"
EndProject
Project("{2150E333-8FDC-42A3-9474-1A3956D46DE8}") = "LinkedList", "LinkedList", "{AAEFD362-DAC3-4B55-8701-120A991F4D0D}"
EndProject
Project("{FAE04EC0-301F-11D3-BF4B-00C04F79EFBC}") = "LinkedList", "LinkedList\LinkedList.csproj", "{35FBDC9F-9C2D-4418-86C7-423827484206}"
EndProject
Project("{2150E333-8FDC-42A3-9474-1A3956D46DE8}") = "DoubleLinkedList", "DoubleLinkedList", "{E5BD6786-A543-4A47-BF3B-3FA98E741E3D}"
EndProject
Project("{FAE04EC0-301F-11D3-BF4B-00C04F79EFBC}") = "DoubleLinkedList", "DoubleLinkedList\DoubleLinkedList.csproj", "{CE5CBD56-C178-435B-877C-BEBE5B4CD0D8}"
EndProject
Project("{2150E333-8FDC-42A3-9474-1A3956D46DE8}") = "BinaryTree", "BinaryTree", "{61E47B14-CC80-4040-AE1F-3F5D0651F45D}"
EndProject
Project("{FAE04EC0-301F-11D3-BF4B-00C04F79EFBC}") = "BinaryTree", "BinaryTree\BinaryTree.csproj", "{89E704D0-D7EF-4B31-B9F4-7526A3862389}"
EndProject
Project("{2150E333-8FDC-42A3-9474-1A3956D46DE8}") = "Stacks", "Stacks", "{AA6C53D8-4D46-416E-B0F0-B17C00698108}"
EndProject
Project("{2150E333-8FDC-42A3-9474-1A3956D46DE8}") = "Queues", "Queues", "{DDA9DCEB-7720-49D2-A489-DC457304D564}"
EndProject
Project("{FAE04EC0-301F-11D3-BF4B-00C04F79EFBC}") = "Queue", "Queue\Queue.csproj", "{5F98F5FB-8E82-4051-BDD7-7549CDB4E3F3}"
EndProject
Project("{FAE04EC0-301F-11D3-BF4B-00C04F79EFBC}") = "Stack", "Stack\Stack.csproj", "{5E813BD3-1721-4DE3-B45D-159D7AC0CAD0}"
EndProject
Project("{FAE04EC0-301F-11D3-BF4B-00C04F79EFBC}") = "TestNet46", "TestNet46\TestNet46.csproj", "{BD48A12D-9118-496E-8CDC-C1A8A5B47AF3}"
EndProject
Project("{2150E333-8FDC-42A3-9474-1A3956D46DE8}") = "AVLTree", "AVLTree", "{F8227E03-51D7-402B-AC1A-A5A034A79669}"
EndProject
Project("{FAE04EC0-301F-11D3-BF4B-00C04F79EFBC}") = "AvlTree", "AvlTree\AvlTree.csproj", "{3C5A0242-4C71-4744-B2A7-0E3FA62C661B}"
EndProject
Project("{FAE04EC0-301F-11D3-BF4B-00C04F79EFBC}") = "BinaryTreeTests", "BinaryTreeTests\BinaryTreeTests.csproj", "{59DBCE30-2BB8-473B-A885-9A941710D3E7}"
EndProject
Project("{FAE04EC0-301F-11D3-BF4B-00C04F79EFBC}") = "LinkedListTests", "LinkedListTests\LinkedListTests.csproj", "{1170E85E-3809-4DE7-8BBE-E5FEC2EB7910}"
EndProject
Project("{2150E333-8FDC-42A3-9474-1A3956D46DE8}") = "Patterns", "Patterns", "{65570776-0611-4C9C-88CF-F0BBCB7ACE98}"
EndProject
Project("{FAE04EC0-301F-11D3-BF4B-00C04F79EFBC}") = "BridgeST", "BridgeST\BridgeST.csproj", "{F46FB379-D430-46E9-8D84-3DC7847F8327}"
EndProject
Project("{FAE04EC0-301F-11D3-BF4B-00C04F79EFBC}") = "AdapterST", "AdapterST\AdapterST.csproj", "{A4569522-FF7B-47B0-BA41-B617DDB8EDA5}"
EndProject
Project("{FAE04EC0-301F-11D3-BF4B-00C04F79EFBC}") = "FactoryCT", "FactoryCT\FactoryCT.csproj", "{9CFB322E-77AF-4E17-9469-251012D8C8F5}"
EndProject
Project("{FAE04EC0-301F-11D3-BF4B-00C04F79EFBC}") = "Abstract FactoryCT", "Abstract FactoryCT\Abstract FactoryCT.csproj", "{EB1D6D85-62B8-49F4-8AED-5342138CB713}"
EndProject
Project("{FAE04EC0-301F-11D3-BF4B-00C04F79EFBC}") = "Builder DesignCT", "Builder DesignCT\Builder DesignCT.csproj", "{A63F2E13-9C6F-4EC4-8A8E-A4B6395A3935}"
EndProject
Project("{FAE04EC0-301F-11D3-BF4B-00C04F79EFBC}") = "Singleton DesignCT", "Singleton DesignCT\Singleton DesignCT.csproj", "{827C887D-C762-47B1-AAFA-BA22540FA4D0}"
EndProject
Project("{FAE04EC0-301F-11D3-BF4B-00C04F79EFBC}") = "Prototype DesignCT", "Prototype DesignCT\Prototype DesignCT.csproj", "{8510E111-3000-464F-AD22-F8EB8D06CD96}"
EndProject
Project("{2150E333-8FDC-42A3-9474-1A3956D46DE8}") = "SDP", "SDP", "{671BCDAE-9444-4A1F-90BE-E5CAD4FEDE5B}"
EndProject
Project("{2150E333-8FDC-42A3-9474-1A3956D46DE8}") = "CDP", "CDP", "{C4903988-2AC1-4F8D-8D0C-AF8D0626003E}"
EndProject
Project("{FAE04EC0-301F-11D3-BF4B-00C04F79EFBC}") = "Facade", "Facade\Facade.csproj", "{4273AC29-C012-4F2E-A103-08CC5632712A}"
EndProject
Global
	GlobalSection(SolutionConfigurationPlatforms) = preSolution
		Debug|Any CPU = Debug|Any CPU
		Release|Any CPU = Release|Any CPU
	EndGlobalSection
	GlobalSection(ProjectConfigurationPlatforms) = postSolution
		{7EF9AA92-4FEC-4B09-B099-CA1C8CA65A2F}.Debug|Any CPU.ActiveCfg = Debug|Any CPU
		{7EF9AA92-4FEC-4B09-B099-CA1C8CA65A2F}.Debug|Any CPU.Build.0 = Debug|Any CPU
		{7EF9AA92-4FEC-4B09-B099-CA1C8CA65A2F}.Release|Any CPU.ActiveCfg = Release|Any CPU
		{7EF9AA92-4FEC-4B09-B099-CA1C8CA65A2F}.Release|Any CPU.Build.0 = Release|Any CPU
		{35FBDC9F-9C2D-4418-86C7-423827484206}.Debug|Any CPU.ActiveCfg = Debug|Any CPU
		{35FBDC9F-9C2D-4418-86C7-423827484206}.Debug|Any CPU.Build.0 = Debug|Any CPU
		{35FBDC9F-9C2D-4418-86C7-423827484206}.Release|Any CPU.ActiveCfg = Release|Any CPU
		{35FBDC9F-9C2D-4418-86C7-423827484206}.Release|Any CPU.Build.0 = Release|Any CPU
		{CE5CBD56-C178-435B-877C-BEBE5B4CD0D8}.Debug|Any CPU.ActiveCfg = Debug|Any CPU
		{CE5CBD56-C178-435B-877C-BEBE5B4CD0D8}.Debug|Any CPU.Build.0 = Debug|Any CPU
		{CE5CBD56-C178-435B-877C-BEBE5B4CD0D8}.Release|Any CPU.ActiveCfg = Release|Any CPU
		{CE5CBD56-C178-435B-877C-BEBE5B4CD0D8}.Release|Any CPU.Build.0 = Release|Any CPU
		{89E704D0-D7EF-4B31-B9F4-7526A3862389}.Debug|Any CPU.ActiveCfg = Debug|Any CPU
		{89E704D0-D7EF-4B31-B9F4-7526A3862389}.Debug|Any CPU.Build.0 = Debug|Any CPU
		{89E704D0-D7EF-4B31-B9F4-7526A3862389}.Release|Any CPU.ActiveCfg = Release|Any CPU
		{89E704D0-D7EF-4B31-B9F4-7526A3862389}.Release|Any CPU.Build.0 = Release|Any CPU
		{5F98F5FB-8E82-4051-BDD7-7549CDB4E3F3}.Debug|Any CPU.ActiveCfg = Debug|Any CPU
		{5F98F5FB-8E82-4051-BDD7-7549CDB4E3F3}.Debug|Any CPU.Build.0 = Debug|Any CPU
		{5F98F5FB-8E82-4051-BDD7-7549CDB4E3F3}.Release|Any CPU.ActiveCfg = Release|Any CPU
		{5F98F5FB-8E82-4051-BDD7-7549CDB4E3F3}.Release|Any CPU.Build.0 = Release|Any CPU
		{5E813BD3-1721-4DE3-B45D-159D7AC0CAD0}.Debug|Any CPU.ActiveCfg = Debug|Any CPU
		{5E813BD3-1721-4DE3-B45D-159D7AC0CAD0}.Debug|Any CPU.Build.0 = Debug|Any CPU
		{5E813BD3-1721-4DE3-B45D-159D7AC0CAD0}.Release|Any CPU.ActiveCfg = Release|Any CPU
		{5E813BD3-1721-4DE3-B45D-159D7AC0CAD0}.Release|Any CPU.Build.0 = Release|Any CPU
		{BD48A12D-9118-496E-8CDC-C1A8A5B47AF3}.Debug|Any CPU.ActiveCfg = Debug|Any CPU
		{BD48A12D-9118-496E-8CDC-C1A8A5B47AF3}.Debug|Any CPU.Build.0 = Debug|Any CPU
		{BD48A12D-9118-496E-8CDC-C1A8A5B47AF3}.Release|Any CPU.ActiveCfg = Release|Any CPU
		{BD48A12D-9118-496E-8CDC-C1A8A5B47AF3}.Release|Any CPU.Build.0 = Release|Any CPU
		{3C5A0242-4C71-4744-B2A7-0E3FA62C661B}.Debug|Any CPU.ActiveCfg = Debug|Any CPU
		{3C5A0242-4C71-4744-B2A7-0E3FA62C661B}.Debug|Any CPU.Build.0 = Debug|Any CPU
		{3C5A0242-4C71-4744-B2A7-0E3FA62C661B}.Release|Any CPU.ActiveCfg = Release|Any CPU
		{3C5A0242-4C71-4744-B2A7-0E3FA62C661B}.Release|Any CPU.Build.0 = Release|Any CPU
		{59DBCE30-2BB8-473B-A885-9A941710D3E7}.Debug|Any CPU.ActiveCfg = Debug|Any CPU
		{59DBCE30-2BB8-473B-A885-9A941710D3E7}.Debug|Any CPU.Build.0 = Debug|Any CPU
		{59DBCE30-2BB8-473B-A885-9A941710D3E7}.Release|Any CPU.ActiveCfg = Release|Any CPU
		{59DBCE30-2BB8-473B-A885-9A941710D3E7}.Release|Any CPU.Build.0 = Release|Any CPU
		{1170E85E-3809-4DE7-8BBE-E5FEC2EB7910}.Debug|Any CPU.ActiveCfg = Debug|Any CPU
		{1170E85E-3809-4DE7-8BBE-E5FEC2EB7910}.Debug|Any CPU.Build.0 = Debug|Any CPU
		{1170E85E-3809-4DE7-8BBE-E5FEC2EB7910}.Release|Any CPU.ActiveCfg = Release|Any CPU
		{1170E85E-3809-4DE7-8BBE-E5FEC2EB7910}.Release|Any CPU.Build.0 = Release|Any CPU
		{F46FB379-D430-46E9-8D84-3DC7847F8327}.Debug|Any CPU.ActiveCfg = Debug|Any CPU
		{F46FB379-D430-46E9-8D84-3DC7847F8327}.Debug|Any CPU.Build.0 = Debug|Any CPU
		{F46FB379-D430-46E9-8D84-3DC7847F8327}.Release|Any CPU.ActiveCfg = Release|Any CPU
		{F46FB379-D430-46E9-8D84-3DC7847F8327}.Release|Any CPU.Build.0 = Release|Any CPU
		{A4569522-FF7B-47B0-BA41-B617DDB8EDA5}.Debug|Any CPU.ActiveCfg = Debug|Any CPU
		{A4569522-FF7B-47B0-BA41-B617DDB8EDA5}.Debug|Any CPU.Build.0 = Debug|Any CPU
		{A4569522-FF7B-47B0-BA41-B617DDB8EDA5}.Release|Any CPU.ActiveCfg = Release|Any CPU
		{A4569522-FF7B-47B0-BA41-B617DDB8EDA5}.Release|Any CPU.Build.0 = Release|Any CPU
		{9CFB322E-77AF-4E17-9469-251012D8C8F5}.Debug|Any CPU.ActiveCfg = Debug|Any CPU
		{9CFB322E-77AF-4E17-9469-251012D8C8F5}.Debug|Any CPU.Build.0 = Debug|Any CPU
		{9CFB322E-77AF-4E17-9469-251012D8C8F5}.Release|Any CPU.ActiveCfg = Release|Any CPU
		{9CFB322E-77AF-4E17-9469-251012D8C8F5}.Release|Any CPU.Build.0 = Release|Any CPU
		{EB1D6D85-62B8-49F4-8AED-5342138CB713}.Debug|Any CPU.ActiveCfg = Debug|Any CPU
		{EB1D6D85-62B8-49F4-8AED-5342138CB713}.Debug|Any CPU.Build.0 = Debug|Any CPU
		{EB1D6D85-62B8-49F4-8AED-5342138CB713}.Release|Any CPU.ActiveCfg = Release|Any CPU
		{EB1D6D85-62B8-49F4-8AED-5342138CB713}.Release|Any CPU.Build.0 = Release|Any CPU
		{A63F2E13-9C6F-4EC4-8A8E-A4B6395A3935}.Debug|Any CPU.ActiveCfg = Debug|Any CPU
		{A63F2E13-9C6F-4EC4-8A8E-A4B6395A3935}.Debug|Any CPU.Build.0 = Debug|Any CPU
		{A63F2E13-9C6F-4EC4-8A8E-A4B6395A3935}.Release|Any CPU.ActiveCfg = Release|Any CPU
		{A63F2E13-9C6F-4EC4-8A8E-A4B6395A3935}.Release|Any CPU.Build.0 = Release|Any CPU
		{827C887D-C762-47B1-AAFA-BA22540FA4D0}.Debug|Any CPU.ActiveCfg = Debug|Any CPU
		{827C887D-C762-47B1-AAFA-BA22540FA4D0}.Debug|Any CPU.Build.0 = Debug|Any CPU
		{827C887D-C762-47B1-AAFA-BA22540FA4D0}.Release|Any CPU.ActiveCfg = Release|Any CPU
		{827C887D-C762-47B1-AAFA-BA22540FA4D0}.Release|Any CPU.Build.0 = Release|Any CPU
		{8510E111-3000-464F-AD22-F8EB8D06CD96}.Debug|Any CPU.ActiveCfg = Debug|Any CPU
		{8510E111-3000-464F-AD22-F8EB8D06CD96}.Debug|Any CPU.Build.0 = Debug|Any CPU
		{8510E111-3000-464F-AD22-F8EB8D06CD96}.Release|Any CPU.ActiveCfg = Release|Any CPU
		{8510E111-3000-464F-AD22-F8EB8D06CD96}.Release|Any CPU.Build.0 = Release|Any CPU
		{4273AC29-C012-4F2E-A103-08CC5632712A}.Debug|Any CPU.ActiveCfg = Debug|Any CPU
		{4273AC29-C012-4F2E-A103-08CC5632712A}.Debug|Any CPU.Build.0 = Debug|Any CPU
		{4273AC29-C012-4F2E-A103-08CC5632712A}.Release|Any CPU.ActiveCfg = Release|Any CPU
		{4273AC29-C012-4F2E-A103-08CC5632712A}.Release|Any CPU.Build.0 = Release|Any CPU
	EndGlobalSection
	GlobalSection(SolutionProperties) = preSolution
		HideSolutionNode = FALSE
	EndGlobalSection
	GlobalSection(NestedProjects) = preSolution
		{35FBDC9F-9C2D-4418-86C7-423827484206} = {AAEFD362-DAC3-4B55-8701-120A991F4D0D}
		{CE5CBD56-C178-435B-877C-BEBE5B4CD0D8} = {E5BD6786-A543-4A47-BF3B-3FA98E741E3D}
		{89E704D0-D7EF-4B31-B9F4-7526A3862389} = {61E47B14-CC80-4040-AE1F-3F5D0651F45D}
		{5F98F5FB-8E82-4051-BDD7-7549CDB4E3F3} = {DDA9DCEB-7720-49D2-A489-DC457304D564}
		{5E813BD3-1721-4DE3-B45D-159D7AC0CAD0} = {AA6C53D8-4D46-416E-B0F0-B17C00698108}
		{3C5A0242-4C71-4744-B2A7-0E3FA62C661B} = {F8227E03-51D7-402B-AC1A-A5A034A79669}
		{59DBCE30-2BB8-473B-A885-9A941710D3E7} = {61E47B14-CC80-4040-AE1F-3F5D0651F45D}
		{1170E85E-3809-4DE7-8BBE-E5FEC2EB7910} = {AAEFD362-DAC3-4B55-8701-120A991F4D0D}
		{F46FB379-D430-46E9-8D84-3DC7847F8327} = {671BCDAE-9444-4A1F-90BE-E5CAD4FEDE5B}
		{A4569522-FF7B-47B0-BA41-B617DDB8EDA5} = {671BCDAE-9444-4A1F-90BE-E5CAD4FEDE5B}
		{9CFB322E-77AF-4E17-9469-251012D8C8F5} = {C4903988-2AC1-4F8D-8D0C-AF8D0626003E}
		{EB1D6D85-62B8-49F4-8AED-5342138CB713} = {C4903988-2AC1-4F8D-8D0C-AF8D0626003E}
		{A63F2E13-9C6F-4EC4-8A8E-A4B6395A3935} = {C4903988-2AC1-4F8D-8D0C-AF8D0626003E}
		{827C887D-C762-47B1-AAFA-BA22540FA4D0} = {C4903988-2AC1-4F8D-8D0C-AF8D0626003E}
		{8510E111-3000-464F-AD22-F8EB8D06CD96} = {C4903988-2AC1-4F8D-8D0C-AF8D0626003E}
		{671BCDAE-9444-4A1F-90BE-E5CAD4FEDE5B} = {65570776-0611-4C9C-88CF-F0BBCB7ACE98}
		{C4903988-2AC1-4F8D-8D0C-AF8D0626003E} = {65570776-0611-4C9C-88CF-F0BBCB7ACE98}
		{4273AC29-C012-4F2E-A103-08CC5632712A} = {671BCDAE-9444-4A1F-90BE-E5CAD4FEDE5B}
	EndGlobalSection
EndGlobal
